
Microsoft Visual Studio Solution File, Format Version 12.00
# Visual Studio 2015
Project("{FAE04EC0-301F-11D3-BF4B-00C04F79EFBC}") = "FAForeverMapEditor.CSharp", "FAForeverMapEditor.CSharp.csproj", "{CAD0EB34-2B98-FF6F-631D-EA8D18665D12}"
EndProject
Project("{FAE04EC0-301F-11D3-BF4B-00C04F79EFBC}") = "FAForeverMapEditor.CSharp.Editor", "FAForeverMapEditor.CSharp.Editor.csproj", "{A77B4400-50D8-C5C8-FC3F-523723D86747}"
EndProject
Global
	GlobalSection(SolutionConfigurationPlatforms) = preSolution
		Debug|Any CPU = Debug|Any CPU
		Release|Any CPU = Release|Any CPU
	EndGlobalSection
	GlobalSection(ProjectConfigurationPlatforms) = postSolution
		{CAD0EB34-2B98-FF6F-631D-EA8D18665D12}.Debug|Any CPU.ActiveCfg = Debug|Any CPU
		{CAD0EB34-2B98-FF6F-631D-EA8D18665D12}.Debug|Any CPU.Build.0 = Debug|Any CPU
		{CAD0EB34-2B98-FF6F-631D-EA8D18665D12}.Release|Any CPU.ActiveCfg = Release|Any CPU
		{CAD0EB34-2B98-FF6F-631D-EA8D18665D12}.Release|Any CPU.Build.0 = Release|Any CPU
		{A77B4400-50D8-C5C8-FC3F-523723D86747}.Debug|Any CPU.ActiveCfg = Debug|Any CPU
		{A77B4400-50D8-C5C8-FC3F-523723D86747}.Debug|Any CPU.Build.0 = Debug|Any CPU
		{A77B4400-50D8-C5C8-FC3F-523723D86747}.Release|Any CPU.ActiveCfg = Release|Any CPU
		{A77B4400-50D8-C5C8-FC3F-523723D86747}.Release|Any CPU.Build.0 = Release|Any CPU
	EndGlobalSection
	GlobalSection(SolutionProperties) = preSolution
		HideSolutionNode = FALSE
	EndGlobalSection
EndGlobal
